// !$*UTF8*$!
{
	archiveVersion = 1;
	classes = {
	};
	objectVersion = 46;
	objects = {

/* Begin PBXBuildFile section */
		E229F05F1FC9F69C0091ADCC /* AppDelegate.swift in Sources */ = {isa = PBXBuildFile; fileRef = E229F05E1FC9F69C0091ADCC /* AppDelegate.swift */; };
		E229F0611FC9F69C0091ADCC /* ViewController.swift in Sources */ = {isa = PBXBuildFile; fileRef = E229F0601FC9F69C0091ADCC /* ViewController.swift */; };
		E229F0641FC9F69D0091ADCC /* Main.storyboard in Resources */ = {isa = PBXBuildFile; fileRef = E229F0621FC9F69D0091ADCC /* Main.storyboard */; };
		E229F0661FC9F69D0091ADCC /* Assets.xcassets in Resources */ = {isa = PBXBuildFile; fileRef = E229F0651FC9F69D0091ADCC /* Assets.xcassets */; };
		E229F0691FC9F69D0091ADCC /* LaunchScreen.storyboard in Resources */ = {isa = PBXBuildFile; fileRef = E229F0671FC9F69D0091ADCC /* LaunchScreen.storyboard */; };
		E229F0711FC9F6F80091ADCC /* SwiftDataPicker.swift in Sources */ = {isa = PBXBuildFile; fileRef = E229F0701FC9F6F80091ADCC /* SwiftDataPicker.swift */; };
/* End PBXBuildFile section */

/* Begin PBXFileReference section */
		E229F05B1FC9F69C0091ADCC /* DataPicker.app */ = {isa = PBXFileReference; explicitFileType = wrapper.application; includeInIndex = 0; path = DataPicker.app; sourceTree = BUILT_PRODUCTS_DIR; };
		E229F05E1FC9F69C0091ADCC /* AppDelegate.swift */ = {isa = PBXFileReference; lastKnownFileType = sourcecode.swift; path = AppDelegate.swift; sourceTree = "<group>"; };
		E229F0601FC9F69C0091ADCC /* ViewController.swift */ = {isa = PBXFileReference; lastKnownFileType = sourcecode.swift; path = ViewController.swift; sourceTree = "<group>"; };
		E229F0631FC9F69D0091ADCC /* Base */ = {isa = PBXFileReference; lastKnownFileType = file.storyboard; name = Base; path = Base.lproj/Main.storyboard; sourceTree = "<group>"; };
		E229F0651FC9F69D0091ADCC /* Assets.xcassets */ = {isa = PBXFileReference; lastKnownFileType = folder.assetcatalog; path = Assets.xcassets; sourceTree = "<group>"; };
		E229F0681FC9F69D0091ADCC /* Base */ = {isa = PBXFileReference; lastKnownFileType = file.storyboard; name = Base; path = Base.lproj/LaunchScreen.storyboard; sourceTree = "<group>"; };
		E229F06A1FC9F69D0091ADCC /* Info.plist */ = {isa = PBXFileReference; lastKnownFileType = text.plist.xml; path = Info.plist; sourceTree = "<group>"; };
		E229F0701FC9F6F80091ADCC /* SwiftDataPicker.swift */ = {isa = PBXFileReference; fileEncoding = 4; lastKnownFileType = sourcecode.swift; path = SwiftDataPicker.swift; sourceTree = "<group>"; };
/* End PBXFileReference section */

/* Begin PBXFrameworksBuildPhase section */
		E229F0581FC9F69C0091ADCC /* Frameworks */ = {
			isa = PBXFrameworksBuildPhase;
			buildActionMask = 2147483647;
			files = (
			);
			runOnlyForDeploymentPostprocessing = 0;
		};
/* End PBXFrameworksBuildPhase section */

/* Begin PBXGroup section */
		E229F0521FC9F69C0091ADCC = {
			isa = PBXGroup;
			children = (
				E229F05D1FC9F69C0091ADCC /* DataPicker */,
				E229F05C1FC9F69C0091ADCC /* Products */,
			);
			sourceTree = "<group>";
		};
		E229F05C1FC9F69C0091ADCC /* Products */ = {
			isa = PBXGroup;
			children = (
				E229F05B1FC9F69C0091ADCC /* DataPicker.app */,
			);
			name = Products;
			sourceTree = "<group>";
		};
		E229F05D1FC9F69C0091ADCC /* DataPicker */ = {
			isa = PBXGroup;
			children = (
				E229F0731FC9F70D0091ADCC /* Supporting Files */,
				E229F0721FC9F6FF0091ADCC /* Source */,
				E229F0601FC9F69C0091ADCC /* ViewController.swift */,
				E229F0621FC9F69D0091ADCC /* Main.storyboard */,
				E229F0671FC9F69D0091ADCC /* LaunchScreen.storyboard */,
				E229F06A1FC9F69D0091ADCC /* Info.plist */,
			);
			name = DataPicker;
			path = DataPicer;
			sourceTree = "<group>";
		};
		E229F0721FC9F6FF0091ADCC /* Source */ = {
			isa = PBXGroup;
			children = (
				E229F0701FC9F6F80091ADCC /* SwiftDataPicker.swift */,
			);
			name = Source;
			sourceTree = "<group>";
		};
		E229F0731FC9F70D0091ADCC /* Supporting Files */ = {
			isa = PBXGroup;
			children = (
				E229F05E1FC9F69C0091ADCC /* AppDelegate.swift */,
				E229F0651FC9F69D0091ADCC /* Assets.xcassets */,
			);
			name = "Supporting Files";
			sourceTree = "<group>";
		};
/* End PBXGroup section */

/* Begin PBXNativeTarget section */
		E229F05A1FC9F69C0091ADCC /* DataPicker */ = {
			isa = PBXNativeTarget;
			buildConfigurationList = E229F06D1FC9F69D0091ADCC /* Build configuration list for PBXNativeTarget "DataPicker" */;
			buildPhases = (
				E229F0571FC9F69C0091ADCC /* Sources */,
				E229F0581FC9F69C0091ADCC /* Frameworks */,
				E229F0591FC9F69C0091ADCC /* Resources */,
			);
			buildRules = (
			);
			dependencies = (
			);
			name = DataPicker;
			productName = DataPicer;
			productReference = E229F05B1FC9F69C0091ADCC /* DataPicker.app */;
			productType = "com.apple.product-type.application";
		};
/* End PBXNativeTarget section */

/* Begin PBXProject section */
		E229F0531FC9F69C0091ADCC /* Project object */ = {
			isa = PBXProject;
			attributes = {
				LastSwiftUpdateCheck = 0830;
				LastUpgradeCheck = 0830;
				ORGANIZATIONNAME = AhmedNour;
				TargetAttributes = {
					E229F05A1FC9F69C0091ADCC = {
						CreatedOnToolsVersion = 8.3.3;
						ProvisioningStyle = Automatic;
					};
				};
			};
			buildConfigurationList = E229F0561FC9F69C0091ADCC /* Build configuration list for PBXProject "DataPicker" */;
			compatibilityVersion = "Xcode 3.2";
			developmentRegion = English;
			hasScannedForEncodings = 0;
			knownRegions = (
				en,
				Base,
			);
			mainGroup = E229F0521FC9F69C0091ADCC;
			productRefGroup = E229F05C1FC9F69C0091ADCC /* Products */;
			projectDirPath = "";
			projectRoot = "";
			targets = (
				E229F05A1FC9F69C0091ADCC /* DataPicker */,
			);
		};
/* End PBXProject section */

/* Begin PBXResourcesBuildPhase section */
		E229F0591FC9F69C0091ADCC /* Resources */ = {
			isa = PBXResourcesBuildPhase;
			buildActionMask = 2147483647;
			files = (
				E229F0691FC9F69D0091ADCC /* LaunchScreen.storyboard in Resources */,
				E229F0661FC9F69D0091ADCC /* Assets.xcassets in Resources */,
				E229F0641FC9F69D0091ADCC /* Main.storyboard in Resources */,
			);
			runOnlyForDeploymentPostprocessing = 0;
		};
/* End PBXResourcesBuildPhase section */

/* Begin PBXSourcesBuildPhase section */
		E229F0571FC9F69C0091ADCC /* Sources */ = {
			isa = PBXSourcesBuildPhase;
			buildActionMask = 2147483647;
			files = (
				E229F0711FC9F6F80091ADCC /* SwiftDataPicker.swift in Sources */,
				E229F0611FC9F69C0091ADCC /* ViewController.swift in Sources */,
				E229F05F1FC9F69C0091ADCC /* AppDelegate.swift in Sources */,
			);
			runOnlyForDeploymentPostprocessing = 0;
		};
/* End PBXSourcesBuildPhase section */

/* Begin PBXVariantGroup section */
		E229F0621FC9F69D0091ADCC /* Main.storyboard */ = {
			isa = PBXVariantGroup;
			children = (
				E229F0631FC9F69D0091ADCC /* Base */,
			);
			name = Main.storyboard;
			sourceTree = "<group>";
		};
		E229F0671FC9F69D0091ADCC /* LaunchScreen.storyboard */ = {
			isa = PBXVariantGroup;
			children = (
				E229F0681FC9F69D0091ADCC /* Base */,
			);
			name = LaunchScreen.storyboard;
			sourceTree = "<group>";
		};
/* End PBXVariantGroup section */

/* Begin XCBuildConfiguration section */
		E229F06B1FC9F69D0091ADCC /* Debug */ = {
			isa = XCBuildConfiguration;
			buildSettings = {
				ALWAYS_SEARCH_USER_PATHS = NO;
				CLANG_ANALYZER_NONNULL = YES;
				CLANG_ANALYZER_NUMBER_OBJECT_CONVERSION = YES_AGGRESSIVE;
				CLANG_CXX_LANGUAGE_STANDARD = "gnu++0x";
				CLANG_CXX_LIBRARY = "libc++";
				CLANG_ENABLE_MODULES = YES;
				CLANG_ENABLE_OBJC_ARC = YES;
				CLANG_WARN_BOOL_CONVERSION = YES;
				CLANG_WARN_CONSTANT_CONVERSION = YES;
				CLANG_WARN_DIRECT_OBJC_ISA_USAGE = YES_ERROR;
				CLANG_WARN_DOCUMENTATION_COMMENTS = YES;
				CLANG_WARN_EMPTY_BODY = YES;
				CLANG_WARN_ENUM_CONVERSION = YES;
				CLANG_WARN_INFINITE_RECURSION = YES;
				CLANG_WARN_INT_CONVERSION = YES;
				CLANG_WARN_OBJC_ROOT_CLASS = YES_ERROR;
				CLANG_WARN_SUSPICIOUS_MOVE = YES;
				CLANG_WARN_UNREACHABLE_CODE = YES;
				CLANG_WARN__DUPLICATE_METHOD_MATCH = YES;
				"CODE_SIGN_IDENTITY[sdk=iphoneos*]" = "iPhone Developer";
				COPY_PHASE_STRIP = NO;
				DEBUG_INFORMATION_FORMAT = dwarf;
				ENABLE_STRICT_OBJC_MSGSEND = YES;
				ENABLE_TESTABILITY = YES;
				GCC_C_LANGUAGE_STANDARD = gnu99;
				GCC_DYNAMIC_NO_PIC = NO;
				GCC_NO_COMMON_BLOCKS = YES;
				GCC_OPTIMIZATION_LEVEL = 0;
				GCC_PREPROCESSOR_DEFINITIONS = (
					"DEBUG=1",
					"$(inherited)",
				);
				GCC_WARN_64_TO_32_BIT_CONVERSION = YES;
				GCC_WARN_ABOUT_RETURN_TYPE = YES_ERROR;
				GCC_WARN_UNDECLARED_SELECTOR = YES;
				GCC_WARN_UNINITIALIZED_AUTOS = YES_AGGRESSIVE;
				GCC_WARN_UNUSED_FUNCTION = YES;
				GCC_WARN_UNUSED_VARIABLE = YES;
				IPHONEOS_DEPLOYMENT_TARGET = 8.0;
				MTL_ENABLE_DEBUG_INFO = YES;
				ONLY_ACTIVE_ARCH = YES;
				SDKROOT = iphoneos;
				SWIFT_ACTIVE_COMPILATION_CONDITIONS = DEBUG;
				SWIFT_OPTIMIZATION_LEVEL = "-Onone";
				TARGETED_DEVICE_FAMILY = "1,2";
			};
			name = Debug;
		};
		E229F06C1FC9F69D0091ADCC /* Release */ = {
			isa = XCBuildConfiguration;
			buildSettings = {
				ALWAYS_SEARCH_USER_PATHS = NO;
				CLANG_ANALYZER_NONNULL = YES;
				CLANG_ANALYZER_NUMBER_OBJECT_CONVERSION = YES_AGGRESSIVE;
				CLANG_CXX_LANGUAGE_STANDARD = "gnu++0x";
				CLANG_CXX_LIBRARY = "libc++";
				CLANG_ENABLE_MODULES = YES;
				CLANG_ENABLE_OBJC_ARC = YES;
				CLANG_WARN_BOOL_CONVERSION = YES;
				CLANG_WARN_CONSTANT_CONVERSION = YES;
				CLANG_WARN_DIRECT_OBJC_ISA_USAGE = YES_ERROR;
				CLANG_WARN_DOCUMENTATION_COMMENTS = YES;
				CLANG_WARN_EMPTY_BODY = YES;
				CLANG_WARN_ENUM_CONVERSION = YES;
				CLANG_WARN_INFINITE_RECURSION = YES;
				CLANG_WARN_INT_CONVERSION = YES;
				CLANG_WARN_OBJC_ROOT_CLASS = YES_ERROR;
				CLANG_WARN_SUSPICIOUS_MOVE = YES;
				CLANG_WARN_UNREACHABLE_CODE = YES;
				CLANG_WARN__DUPLICATE_METHOD_MATCH = YES;
				"CODE_SIGN_IDENTITY[sdk=iphoneos*]" = "iPhone Developer";
				COPY_PHASE_STRIP = NO;
				DEBUG_INFORMATION_FORMAT = "dwarf-with-dsym";
				ENABLE_NS_ASSERTIONS = NO;
				ENABLE_STRICT_OBJC_MSGSEND = YES;
				GCC_C_LANGUAGE_STANDARD = gnu99;
				GCC_NO_COMMON_BLOCKS = YES;
				GCC_WARN_64_TO_32_BIT_CONVERSION = YES;
				GCC_WARN_ABOUT_RETURN_TYPE = YES_ERROR;
				GCC_WARN_UNDECLARED_SELECTOR = YES;
				GCC_WARN_UNINITIALIZED_AUTOS = YES_AGGRESSIVE;
				GCC_WARN_UNUSED_FUNCTION = YES;
				GCC_WARN_UNUSED_VARIABLE = YES;
				IPHONEOS_DEPLOYMENT_TARGET = 8.0;
				MTL_ENABLE_DEBUG_INFO = NO;
				SDKROOT = iphoneos;
				SWIFT_OPTIMIZATION_LEVEL = "-Owholemodule";
				TARGETED_DEVICE_FAMILY = "1,2";
				VALIDATE_PRODUCT = YES;
			};
			name = Release;
		};
		E229F06E1FC9F69D0091ADCC /* Debug */ = {
			isa = XCBuildConfiguration;
			buildSettings = {
				ASSETCATALOG_COMPILER_APPICON_NAME = AppIcon;
				INFOPLIST_FILE = DataPicer/Info.plist;
				IPHONEOS_DEPLOYMENT_TARGET = 8.0;
				LD_RUNPATH_SEARCH_PATHS = "$(inherited) @executable_path/Frameworks";
				PRODUCT_BUNDLE_IDENTIFIER = com.self.DataPicer;
				PRODUCT_NAME = "$(TARGET_NAME)";
				SWIFT_VERSION = 3.0;
			};
			name = Debug;
		};
		E229F06F1FC9F69D0091ADCC /* Release */ = {
			isa = XCBuildConfiguration;
			buildSettings = {
				ASSETCATALOG_COMPILER_APPICON_NAME = AppIcon;
				INFOPLIST_FILE = DataPicer/Info.plist;
				IPHONEOS_DEPLOYMENT_TARGET = 8.0;
				LD_RUNPATH_SEARCH_PATHS = "$(inherited) @executable_path/Frameworks";
				PRODUCT_BUNDLE_IDENTIFIER = com.self.DataPicer;
				PRODUCT_NAME = "$(TARGET_NAME)";
				SWIFT_VERSION = 3.0;
			};
			name = Release;
		};
/* End XCBuildConfiguration section */

/* Begin XCConfigurationList section */
		E229F0561FC9F69C0091ADCC /* Build configuration list for PBXProject "DataPicker" */ = {
			isa = XCConfigurationList;
			buildConfigurations = (
				E229F06B1FC9F69D0091ADCC /* Debug */,
				E229F06C1FC9F69D0091ADCC /* Release */,
			);
			defaultConfigurationIsVisible = 0;
			defaultConfigurationName = Release;
		};
		E229F06D1FC9F69D0091ADCC /* Build configuration list for PBXNativeTarget "DataPicker" */ = {
			isa = XCConfigurationList;
			buildConfigurations = (
				E229F06E1FC9F69D0091ADCC /* Debug */,
				E229F06F1FC9F69D0091ADCC /* Release */,
			);
			defaultConfigurationIsVisible = 0;
		};
/* End XCConfigurationList section */
	};
	rootObject = E229F0531FC9F69C0091ADCC /* Project object */;
}
